
Microsoft Visual Studio Solution File, Format Version 12.00
# Visual Studio 2013
VisualStudioVersion = 12.0.21005.1
MinimumVisualStudioVersion = 10.0.40219.1
Project("{FAE04EC0-301F-11D3-BF4B-00C04F79EFBC}") = "TicketingApp", "TicketingApp\TicketingApp.csproj", "{F9BCBD11-AA46-46FF-B5DE-BFBA181137B8}"
EndProject
Project("{FAE04EC0-301F-11D3-BF4B-00C04F79EFBC}") = "AppUnitTesting", "AppUnitTesting\AppUnitTesting.csproj", "{49004D34-CD8B-46F3-B696-E186C75E8AAA}"
EndProject
Project("{2150E333-8FDC-42A3-9474-1A3956D46DE8}") = "Docs", "Docs", "{C7E148A5-6061-4191-80BC-B343BF0497E8}"
EndProject
Project("{2150E333-8FDC-42A3-9474-1A3956D46DE8}") = ".nuget", ".nuget", "{821E61D9-49A6-4469-A023-20422DFDA553}"
	ProjectSection(SolutionItems) = preProject
		.nuget\packages.config = .nuget\packages.config
	EndProjectSection
EndProject
Global
	GlobalSection(SolutionConfigurationPlatforms) = preSolution
		Debug|Any CPU = Debug|Any CPU
		Release|Any CPU = Release|Any CPU
	EndGlobalSection
	GlobalSection(ProjectConfigurationPlatforms) = postSolution
		{F9BCBD11-AA46-46FF-B5DE-BFBA181137B8}.Debug|Any CPU.ActiveCfg = Debug|Any CPU
		{F9BCBD11-AA46-46FF-B5DE-BFBA181137B8}.Debug|Any CPU.Build.0 = Debug|Any CPU
		{F9BCBD11-AA46-46FF-B5DE-BFBA181137B8}.Release|Any CPU.ActiveCfg = Release|Any CPU
		{F9BCBD11-AA46-46FF-B5DE-BFBA181137B8}.Release|Any CPU.Build.0 = Release|Any CPU
		{49004D34-CD8B-46F3-B696-E186C75E8AAA}.Debug|Any CPU.ActiveCfg = Debug|Any CPU
		{49004D34-CD8B-46F3-B696-E186C75E8AAA}.Debug|Any CPU.Build.0 = Debug|Any CPU
		{49004D34-CD8B-46F3-B696-E186C75E8AAA}.Release|Any CPU.ActiveCfg = Release|Any CPU
		{49004D34-CD8B-46F3-B696-E186C75E8AAA}.Release|Any CPU.Build.0 = Release|Any CPU
	EndGlobalSection
	GlobalSection(SolutionProperties) = preSolution
		HideSolutionNode = FALSE
	EndGlobalSection
EndGlobal
